<?xml version="1.0" encoding="utf-8"?>
<Project ToolsVersion="4.0" xmlns="http://schemas.microsoft.com/developer/msbuild/2003">
  <ItemGroup>
    <Filter Include="Исходные файлы">
      <UniqueIdentifier>{4FC737F1-C7A5-4376-A066-2A32D752A2FF}</UniqueIdentifier>
      <Extensions>cpp;c;cc;cxx;c++;cppm;ixx;def;odl;idl;hpj;bat;asm;asmx</Extensions>
    </Filter>
    <Filter Include="Файлы заголовков">
      <UniqueIdentifier>{93995380-89BD-4b04-88EB-625FBE52EBFB}</UniqueIdentifier>
      <Extensions>h;hh;hpp;hxx;h++;hm;inl;inc;ipp;xsd</Extensions>
    </Filter>
    <Filter Include="Файлы ресурсов">
      <UniqueIdentifier>{67DA6AB6-F800-4c08-8B7A-83BB121AAD01}</UniqueIdentifier>
      <Extensions>rc;ico;cur;bmp;dlg;rc2;rct;bin;rgs;gif;jpg;jpeg;jpe;resx;tiff;tif;png;wav;mfcribbon-ms</Extensions>
    </Filter>
    <Filter Include="Файлы заголовков\Scince headers">
      <UniqueIdentifier>{d9f26320-0df1-420a-affe-a626a74cb929}</UniqueIdentifier>
    </Filter>
    <Filter Include="Файлы заголовков\Scince headers\Math">
      <UniqueIdentifier>{6ca5fe22-4144-42cd-a029-31e1b0858186}</UniqueIdentifier>
    </Filter>
    <Filter Include="Файлы заголовков\Others">
      <UniqueIdentifier>{5fc63ed2-5ccb-42d9-8fb8-0fd646e3b9f2}</UniqueIdentifier>
    </Filter>
    <Filter Include="Файлы заголовков\Window &amp; monitor">
      <UniqueIdentifier>{4a5af9ee-9d8d-4257-9fe5-38b992f1d880}</UniqueIdentifier>
    </Filter>
    <Filter Include="Файлы заголовков\Window &amp; monitor\Window%27s elements and commands">
      <UniqueIdentifier>{355e994c-ec92-4447-b3f5-858c2897b0a5}</UniqueIdentifier>
    </Filter>
    <Filter Include="Файлы заголовков\Window &amp; monitor\Window%27s elements and commands\Widgets">
      <UniqueIdentifier>{b247c73d-834e-491d-97e7-49ba39996f41}</UniqueIdentifier>
    </Filter>
    <Filter Include="Файлы заголовков\Window &amp; monitor\Window%27s elements and commands\Main tools">
      <UniqueIdentifier>{7e680716-bbf0-4166-8f50-f084adde3be8}</UniqueIdentifier>
    </Filter>
    <Filter Include="Файлы заголовков\Window &amp; monitor\Paints">
      <UniqueIdentifier>{328b7afe-9a1e-46f1-8b7e-bdb32a81341d}</UniqueIdentifier>
    </Filter>
    <Filter Include="Файлы заголовков\Window &amp; monitor\Dialog window">
      <UniqueIdentifier>{3133b13f-8350-4e01-b0a3-f143ba4962f9}</UniqueIdentifier>
    </Filter>
    <Filter Include="Файлы заголовков\Debug">
      <UniqueIdentifier>{a263e4c1-67b9-4119-a4e4-25265e358304}</UniqueIdentifier>
    </Filter>
    <Filter Include="Файлы заголовков\Image">
      <UniqueIdentifier>{49f6213a-168c-43ad-a2ac-298316b441a5}</UniqueIdentifier>
    </Filter>
    <Filter Include="Файлы заголовков\File work">
      <UniqueIdentifier>{71649fa4-4815-497b-a82f-ef5381eb3d9d}</UniqueIdentifier>
    </Filter>
    <Filter Include="Файлы заголовков\Variable work">
      <UniqueIdentifier>{17e5e620-a26d-4789-875c-0b7bbd3e4679}</UniqueIdentifier>
    </Filter>
    <Filter Include="Файлы заголовков\Document work">
      <UniqueIdentifier>{0b639a2a-94db-4e91-bc2f-5684227550a9}</UniqueIdentifier>
    </Filter>
    <Filter Include="Файлы заголовков\Text work">
      <UniqueIdentifier>{6b5bd8ea-eb4e-4a2e-a733-6efe36187b88}</UniqueIdentifier>
    </Filter>
  </ItemGroup>
  <ItemGroup>
    <ClCompile Include="Main.cpp">
      <Filter>Исходные файлы</Filter>
    </ClCompile>
  </ItemGroup>
  <ItemGroup>
    <ClInclude Include="Commands.h">
      <Filter>Файлы заголовков\Window &amp; monitor\Window%27s elements and commands</Filter>
    </ClInclude>
    <ClInclude Include="Widgets.h">
      <Filter>Файлы заголовков\Window &amp; monitor\Window%27s elements and commands\Widgets</Filter>
    </ClInclude>
    <ClInclude Include="FileDialog.h">
      <Filter>Файлы заголовков\Window &amp; monitor\Dialog window</Filter>
    </ClInclude>
    <ClInclude Include="Menu.h">
      <Filter>Файлы заголовков\Window &amp; monitor\Window%27s elements and commands\Main tools</Filter>
    </ClInclude>
    <ClInclude Include="resource.h">
      <Filter>Файлы заголовков\Others</Filter>
    </ClInclude>
    <ClInclude Include="VersionInfo.h">
      <Filter>Файлы заголовков\Others</Filter>
    </ClInclude>
    <ClInclude Include="Counter.h">
      <Filter>Файлы заголовков\Others</Filter>
    </ClInclude>
    <ClInclude Include="Monitor.h">
      <Filter>Файлы заголовков\Window &amp; monitor</Filter>
    </ClInclude>
    <ClInclude Include="ClassWindow.h">
      <Filter>Файлы заголовков\Window &amp; monitor</Filter>
    </ClInclude>
    <ClInclude Include="ColorDialog.h">
      <Filter>Файлы заголовков\Window &amp; monitor\Dialog window</Filter>
    </ClInclude>
    <ClInclude Include="ProcedureWindow.h">
      <Filter>Файлы заголовков\Window &amp; monitor</Filter>
    </ClInclude>
    <ClInclude Include="FileWork.h">
      <Filter>Файлы заголовков\File work</Filter>
    </ClInclude>
    <ClInclude Include="Toolbar.h">
      <Filter>Файлы заголовков\Window &amp; monitor\Window%27s elements and commands\Main tools</Filter>
    </ClInclude>
    <ClInclude Include="Debugger.h">
      <Filter>Файлы заголовков\Debug</Filter>
    </ClInclude>
    <ClInclude Include="CodeWork.h">
      <Filter>Файлы заголовков\Debug</Filter>
    </ClInclude>
    <ClInclude Include="Icon.h">
      <Filter>Файлы заголовков\Image</Filter>
    </ClInclude>
    <ClInclude Include="Bitmap.h">
      <Filter>Файлы заголовков\Image</Filter>
    </ClInclude>
    <ClInclude Include="Translate.h">
      <Filter>Файлы заголовков\Text work</Filter>
    </ClInclude>
    <ClInclude Include="Algebra.h">
      <Filter>Файлы заголовков\Scince headers\Math</Filter>
    </ClInclude>
    <ClInclude Include="Coordinate.h">
      <Filter>Файлы заголовков\Window &amp; monitor</Filter>
    </ClInclude>
    <ClInclude Include="StringWork.h">
      <Filter>Файлы заголовков\Text work</Filter>
    </ClInclude>
    <ClInclude Include="ShortTypes.h">
      <Filter>Файлы заголовков\Variable work</Filter>
    </ClInclude>
    <ClInclude Include="DocumentWork.h">
      <Filter>Файлы заголовков\Document work</Filter>
    </ClInclude>
    <ClInclude Include="Window-main.h">
      <Filter>Файлы заголовков\Window &amp; monitor</Filter>
    </ClInclude>
    <ClInclude Include="Window-debugger.h">
      <Filter>Файлы заголовков\Window &amp; monitor</Filter>
    </ClInclude>
    <ClInclude Include="Window-createBook.h">
      <Filter>Файлы заголовков\Window &amp; monitor</Filter>
    </ClInclude>
  </ItemGroup>
  <ItemGroup>
    <ResourceCompile Include="Algebradabra.rc">
      <Filter>Файлы ресурсов</Filter>
    </ResourceCompile>
  </ItemGroup>
  <ItemGroup>
    <Image Include="icon1.ico">
      <Filter>Файлы ресурсов</Filter>
    </Image>
    <Image Include="bitmap3.bmp">
      <Filter>Файлы ресурсов</Filter>
    </Image>
  </ItemGroup>
</Project>